
Microsoft Visual Studio Solution File, Format Version 12.00
# Visual Studio Version 16
VisualStudioVersion = 16.0.30330.147
MinimumVisualStudioVersion = 10.0.40219.1
Project("{F184B08F-C81C-45F6-A57F-5ABD9991F28F}") = "FIT5032_Week01", "FIT5032_Week01\FIT5032_Week01.vbproj", "{02B72143-A80A-4A28-ACA9-BA008D6A67CC}"
EndProject
Project("{F184B08F-C81C-45F6-A57F-5ABD9991F28F}") = "FIT5032_Week01.Tests", "FIT5032_Week01.Tests\FIT5032_Week01.Tests.vbproj", "{651D5232-9504-40DB-8221-10A36CB409F8}"
EndProject
Global
	GlobalSection(SolutionConfigurationPlatforms) = preSolution
		Debug|Any CPU = Debug|Any CPU
		Release|Any CPU = Release|Any CPU
	EndGlobalSection
	GlobalSection(ProjectConfigurationPlatforms) = postSolution
		{02B72143-A80A-4A28-ACA9-BA008D6A67CC}.Debug|Any CPU.ActiveCfg = Debug|Any CPU
		{02B72143-A80A-4A28-ACA9-BA008D6A67CC}.Debug|Any CPU.Build.0 = Debug|Any CPU
		{02B72143-A80A-4A28-ACA9-BA008D6A67CC}.Release|Any CPU.ActiveCfg = Release|Any CPU
		{02B72143-A80A-4A28-ACA9-BA008D6A67CC}.Release|Any CPU.Build.0 = Release|Any CPU
		{651D5232-9504-40DB-8221-10A36CB409F8}.Debug|Any CPU.ActiveCfg = Debug|Any CPU
		{651D5232-9504-40DB-8221-10A36CB409F8}.Debug|Any CPU.Build.0 = Debug|Any CPU
		{651D5232-9504-40DB-8221-10A36CB409F8}.Release|Any CPU.ActiveCfg = Release|Any CPU
		{651D5232-9504-40DB-8221-10A36CB409F8}.Release|Any CPU.Build.0 = Release|Any CPU
	EndGlobalSection
	GlobalSection(SolutionProperties) = preSolution
		HideSolutionNode = FALSE
	EndGlobalSection
	GlobalSection(ExtensibilityGlobals) = postSolution
		SolutionGuid = {068D32CE-37AC-4EBF-BA38-EBFCB2A9F725}
	EndGlobalSection
EndGlobal
