
Microsoft Visual Studio Solution File, Format Version 12.00
# Visual Studio Version 16
VisualStudioVersion = 16.0.30330.147
MinimumVisualStudioVersion = 10.0.40219.1
Project("{FAE04EC0-301F-11D3-BF4B-00C04F79EFBC}") = "FIT5032_Assessment", "FIT5032_Assessment.csproj", "{ACCC114F-DF59-4AA1-8082-AFBA48CCBE05}"
EndProject
Global
	GlobalSection(SolutionConfigurationPlatforms) = preSolution
		Debug|Any CPU = Debug|Any CPU
		Release|Any CPU = Release|Any CPU
	EndGlobalSection
	GlobalSection(ProjectConfigurationPlatforms) = postSolution
		{ACCC114F-DF59-4AA1-8082-AFBA48CCBE05}.Debug|Any CPU.ActiveCfg = Debug|Any CPU
		{ACCC114F-DF59-4AA1-8082-AFBA48CCBE05}.Debug|Any CPU.Build.0 = Debug|Any CPU
		{ACCC114F-DF59-4AA1-8082-AFBA48CCBE05}.Release|Any CPU.ActiveCfg = Release|Any CPU
		{ACCC114F-DF59-4AA1-8082-AFBA48CCBE05}.Release|Any CPU.Build.0 = Release|Any CPU
	EndGlobalSection
	GlobalSection(SolutionProperties) = preSolution
		HideSolutionNode = FALSE
	EndGlobalSection
	GlobalSection(ExtensibilityGlobals) = postSolution
		SolutionGuid = {0C5F943B-8098-4872-A298-99BA82449168}
	EndGlobalSection
EndGlobal
